
Microsoft Visual Studio Solution File, Format Version 12.00
# Visual Studio 15
VisualStudioVersion = 15.0.28307.271
MinimumVisualStudioVersion = 10.0.40219.1
Project("{FAE04EC0-301F-11D3-BF4B-00C04F79EFBC}") = "DDWA project", "DDWA project\DDWA project.csproj", "{42D5574E-40F8-4DB9-82DF-C6AB95C855DF}"
EndProject
Global
	GlobalSection(SolutionConfigurationPlatforms) = preSolution
		Debug|Any CPU = Debug|Any CPU
		Release|Any CPU = Release|Any CPU
	EndGlobalSection
	GlobalSection(ProjectConfigurationPlatforms) = postSolution
		{42D5574E-40F8-4DB9-82DF-C6AB95C855DF}.Debug|Any CPU.ActiveCfg = Debug|Any CPU
		{42D5574E-40F8-4DB9-82DF-C6AB95C855DF}.Debug|Any CPU.Build.0 = Debug|Any CPU
		{42D5574E-40F8-4DB9-82DF-C6AB95C855DF}.Release|Any CPU.ActiveCfg = Release|Any CPU
		{42D5574E-40F8-4DB9-82DF-C6AB95C855DF}.Release|Any CPU.Build.0 = Release|Any CPU
	EndGlobalSection
	GlobalSection(SolutionProperties) = preSolution
		HideSolutionNode = FALSE
	EndGlobalSection
	GlobalSection(ExtensibilityGlobals) = postSolution
		SolutionGuid = {7FC476BB-3E89-4E20-80E9-428ABFF7FB24}
	EndGlobalSection
EndGlobal
